
Microsoft Visual Studio Solution File, Format Version 12.00
# Visual Studio Version 17
VisualStudioVersion = 17.2.32616.157
MinimumVisualStudioVersion = 10.0.40219.1
Project("{FAE04EC0-301F-11D3-BF4B-00C04F79EFBC}") = "Interpreter", "Interpreter\Interpreter.csproj", "{9D00D08C-645D-4D18-A33A-EA45CA46EF22}"
EndProject
Project("{FAE04EC0-301F-11D3-BF4B-00C04F79EFBC}") = "InterpretTest", "InterpretTest\InterpretTest.csproj", "{53FCBD0B-D229-4523-8A3D-A5250326C8FC}"
EndProject
Global
	GlobalSection(SolutionConfigurationPlatforms) = preSolution
		Debug|Any CPU = Debug|Any CPU
		Release|Any CPU = Release|Any CPU
	EndGlobalSection
	GlobalSection(ProjectConfigurationPlatforms) = postSolution
		{9D00D08C-645D-4D18-A33A-EA45CA46EF22}.Debug|Any CPU.ActiveCfg = Debug|Any CPU
		{9D00D08C-645D-4D18-A33A-EA45CA46EF22}.Debug|Any CPU.Build.0 = Debug|Any CPU
		{9D00D08C-645D-4D18-A33A-EA45CA46EF22}.Release|Any CPU.ActiveCfg = Release|Any CPU
		{9D00D08C-645D-4D18-A33A-EA45CA46EF22}.Release|Any CPU.Build.0 = Release|Any CPU
		{53FCBD0B-D229-4523-8A3D-A5250326C8FC}.Debug|Any CPU.ActiveCfg = Debug|Any CPU
		{53FCBD0B-D229-4523-8A3D-A5250326C8FC}.Debug|Any CPU.Build.0 = Debug|Any CPU
		{53FCBD0B-D229-4523-8A3D-A5250326C8FC}.Release|Any CPU.ActiveCfg = Release|Any CPU
		{53FCBD0B-D229-4523-8A3D-A5250326C8FC}.Release|Any CPU.Build.0 = Release|Any CPU
	EndGlobalSection
	GlobalSection(SolutionProperties) = preSolution
		HideSolutionNode = FALSE
	EndGlobalSection
	GlobalSection(ExtensibilityGlobals) = postSolution
		SolutionGuid = {874BFB9C-F1F8-4A5F-B2C1-E4F81F086CF2}
	EndGlobalSection
EndGlobal
